// !$*UTF8*$!
{
	archiveVersion = 1;
	classes = {
	};
	objectVersion = 56;
	objects = {

/* Begin PBXBuildFile section */
		5803BA152BA52465004E692B /* iCalculatorApp.swift in Sources */ = {isa = PBXBuildFile; fileRef = 5803BA142BA52465004E692B /* iCalculatorApp.swift */; };
		5803BA172BA52465004E692B /* ContentView.swift in Sources */ = {isa = PBXBuildFile; fileRef = 5803BA162BA52465004E692B /* ContentView.swift */; };
		5803BA192BA52467004E692B /* Assets.xcassets in Resources */ = {isa = PBXBuildFile; fileRef = 5803BA182BA52467004E692B /* Assets.xcassets */; };
		5803BA1C2BA52467004E692B /* Preview Assets.xcassets in Resources */ = {isa = PBXBuildFile; fileRef = 5803BA1B2BA52467004E692B /* Preview Assets.xcassets */; };
		5803BA262BA52467004E692B /* iCalculatorTests.swift in Sources */ = {isa = PBXBuildFile; fileRef = 5803BA252BA52467004E692B /* iCalculatorTests.swift */; };
		5803BA302BA52467004E692B /* iCalculatorUITests.swift in Sources */ = {isa = PBXBuildFile; fileRef = 5803BA2F2BA52467004E692B /* iCalculatorUITests.swift */; };
		5803BA322BA52467004E692B /* iCalculatorUITestsLaunchTests.swift in Sources */ = {isa = PBXBuildFile; fileRef = 5803BA312BA52467004E692B /* iCalculatorUITestsLaunchTests.swift */; };
/* End PBXBuildFile section */

/* Begin PBXContainerItemProxy section */
		5803BA222BA52467004E692B /* PBXContainerItemProxy */ = {
			isa = PBXContainerItemProxy;
			containerPortal = 5803BA092BA52465004E692B /* Project object */;
			proxyType = 1;
			remoteGlobalIDString = 5803BA102BA52465004E692B;
			remoteInfo = iCalculator;
		};
		5803BA2C2BA52467004E692B /* PBXContainerItemProxy */ = {
			isa = PBXContainerItemProxy;
			containerPortal = 5803BA092BA52465004E692B /* Project object */;
			proxyType = 1;
			remoteGlobalIDString = 5803BA102BA52465004E692B;
			remoteInfo = iCalculator;
		};
/* End PBXContainerItemProxy section */

/* Begin PBXFileReference section */
		5803BA112BA52465004E692B /* iCalculator.app */ = {isa = PBXFileReference; explicitFileType = wrapper.application; includeInIndex = 0; path = iCalculator.app; sourceTree = BUILT_PRODUCTS_DIR; };
		5803BA142BA52465004E692B /* iCalculatorApp.swift */ = {isa = PBXFileReference; lastKnownFileType = sourcecode.swift; path = iCalculatorApp.swift; sourceTree = "<group>"; };
		5803BA162BA52465004E692B /* ContentView.swift */ = {isa = PBXFileReference; lastKnownFileType = sourcecode.swift; path = ContentView.swift; sourceTree = "<group>"; };
		5803BA182BA52467004E692B /* Assets.xcassets */ = {isa = PBXFileReference; lastKnownFileType = folder.assetcatalog; path = Assets.xcassets; sourceTree = "<group>"; };
		5803BA1B2BA52467004E692B /* Preview Assets.xcassets */ = {isa = PBXFileReference; lastKnownFileType = folder.assetcatalog; path = "Preview Assets.xcassets"; sourceTree = "<group>"; };
		5803BA212BA52467004E692B /* iCalculatorTests.xctest */ = {isa = PBXFileReference; explicitFileType = wrapper.cfbundle; includeInIndex = 0; path = iCalculatorTests.xctest; sourceTree = BUILT_PRODUCTS_DIR; };
		5803BA252BA52467004E692B /* iCalculatorTests.swift */ = {isa = PBXFileReference; lastKnownFileType = sourcecode.swift; path = iCalculatorTests.swift; sourceTree = "<group>"; };
		5803BA2B2BA52467004E692B /* iCalculatorUITests.xctest */ = {isa = PBXFileReference; explicitFileType = wrapper.cfbundle; includeInIndex = 0; path = iCalculatorUITests.xctest; sourceTree = BUILT_PRODUCTS_DIR; };
		5803BA2F2BA52467004E692B /* iCalculatorUITests.swift */ = {isa = PBXFileReference; lastKnownFileType = sourcecode.swift; path = iCalculatorUITests.swift; sourceTree = "<group>"; };
		5803BA312BA52467004E692B /* iCalculatorUITestsLaunchTests.swift */ = {isa = PBXFileReference; lastKnownFileType = sourcecode.swift; path = iCalculatorUITestsLaunchTests.swift; sourceTree = "<group>"; };
/* End PBXFileReference section */

/* Begin PBXFrameworksBuildPhase section */
		5803BA0E2BA52465004E692B /* Frameworks */ = {
			isa = PBXFrameworksBuildPhase;
			buildActionMask = 2147483647;
			files = (
			);
			runOnlyForDeploymentPostprocessing = 0;
		};
		5803BA1E2BA52467004E692B /* Frameworks */ = {
			isa = PBXFrameworksBuildPhase;
			buildActionMask = 2147483647;
			files = (
			);
			runOnlyForDeploymentPostprocessing = 0;
		};
		5803BA282BA52467004E692B /* Frameworks */ = {
			isa = PBXFrameworksBuildPhase;
			buildActionMask = 2147483647;
			files = (
			);
			runOnlyForDeploymentPostprocessing = 0;
		};
/* End PBXFrameworksBuildPhase section */

/* Begin PBXGroup section */
		5803BA082BA52465004E692B = {
			isa = PBXGroup;
			children = (
				5803BA132BA52465004E692B /* iCalculator */,
				5803BA242BA52467004E692B /* iCalculatorTests */,
				5803BA2E2BA52467004E692B /* iCalculatorUITests */,
				5803BA122BA52465004E692B /* Products */,
			);
			sourceTree = "<group>";
		};
		5803BA122BA52465004E692B /* Products */ = {
			isa = PBXGroup;
			children = (
				5803BA112BA52465004E692B /* iCalculator.app */,
				5803BA212BA52467004E692B /* iCalculatorTests.xctest */,
				5803BA2B2BA52467004E692B /* iCalculatorUITests.xctest */,
			);
			name = Products;
			sourceTree = "<group>";
		};
		5803BA132BA52465004E692B /* iCalculator */ = {
			isa = PBXGroup;
			children = (
				5803BA142BA52465004E692B /* iCalculatorApp.swift */,
				5803BA162BA52465004E692B /* ContentView.swift */,
				5803BA182BA52467004E692B /* Assets.xcassets */,
				5803BA1A2BA52467004E692B /* Preview Content */,
			);
			path = iCalculator;
			sourceTree = "<group>";
		};
		5803BA1A2BA52467004E692B /* Preview Content */ = {
			isa = PBXGroup;
			children = (
				5803BA1B2BA52467004E692B /* Preview Assets.xcassets */,
			);
			path = "Preview Content";
			sourceTree = "<group>";
		};
		5803BA242BA52467004E692B /* iCalculatorTests */ = {
			isa = PBXGroup;
			children = (
				5803BA252BA52467004E692B /* iCalculatorTests.swift */,
			);
			path = iCalculatorTests;
			sourceTree = "<group>";
		};
		5803BA2E2BA52467004E692B /* iCalculatorUITests */ = {
			isa = PBXGroup;
			children = (
				5803BA2F2BA52467004E692B /* iCalculatorUITests.swift */,
				5803BA312BA52467004E692B /* iCalculatorUITestsLaunchTests.swift */,
			);
			path = iCalculatorUITests;
			sourceTree = "<group>";
		};
/* End PBXGroup section */

/* Begin PBXNativeTarget section */
		5803BA102BA52465004E692B /* iCalculator */ = {
			isa = PBXNativeTarget;
			buildConfigurationList = 5803BA352BA52467004E692B /* Build configuration list for PBXNativeTarget "iCalculator" */;
			buildPhases = (
				5803BA0D2BA52465004E692B /* Sources */,
				5803BA0E2BA52465004E692B /* Frameworks */,
				5803BA0F2BA52465004E692B /* Resources */,
			);
			buildRules = (
			);
			dependencies = (
			);
			name = iCalculator;
			productName = iCalculator;
			productReference = 5803BA112BA52465004E692B /* iCalculator.app */;
			productType = "com.apple.product-type.application";
		};
		5803BA202BA52467004E692B /* iCalculatorTests */ = {
			isa = PBXNativeTarget;
			buildConfigurationList = 5803BA382BA52467004E692B /* Build configuration list for PBXNativeTarget "iCalculatorTests" */;
			buildPhases = (
				5803BA1D2BA52467004E692B /* Sources */,
				5803BA1E2BA52467004E692B /* Frameworks */,
				5803BA1F2BA52467004E692B /* Resources */,
			);
			buildRules = (
			);
			dependencies = (
				5803BA232BA52467004E692B /* PBXTargetDependency */,
			);
			name = iCalculatorTests;
			productName = iCalculatorTests;
			productReference = 5803BA212BA52467004E692B /* iCalculatorTests.xctest */;
			productType = "com.apple.product-type.bundle.unit-test";
		};
		5803BA2A2BA52467004E692B /* iCalculatorUITests */ = {
			isa = PBXNativeTarget;
			buildConfigurationList = 5803BA3B2BA52467004E692B /* Build configuration list for PBXNativeTarget "iCalculatorUITests" */;
			buildPhases = (
				5803BA272BA52467004E692B /* Sources */,
				5803BA282BA52467004E692B /* Frameworks */,
				5803BA292BA52467004E692B /* Resources */,
			);
			buildRules = (
			);
			dependencies = (
				5803BA2D2BA52467004E692B /* PBXTargetDependency */,
			);
			name = iCalculatorUITests;
			productName = iCalculatorUITests;
			productReference = 5803BA2B2BA52467004E692B /* iCalculatorUITests.xctest */;
			productType = "com.apple.product-type.bundle.ui-testing";
		};
/* End PBXNativeTarget section */

/* Begin PBXProject section */
		5803BA092BA52465004E692B /* Project object */ = {
			isa = PBXProject;
			attributes = {
				BuildIndependentTargetsInParallel = 1;
				LastSwiftUpdateCheck = 1530;
				LastUpgradeCheck = 1530;
				TargetAttributes = {
					5803BA102BA52465004E692B = {
						CreatedOnToolsVersion = 15.3;
					};
					5803BA202BA52467004E692B = {
						CreatedOnToolsVersion = 15.3;
						TestTargetID = 5803BA102BA52465004E692B;
					};
					5803BA2A2BA52467004E692B = {
						CreatedOnToolsVersion = 15.3;
						TestTargetID = 5803BA102BA52465004E692B;
					};
				};
			};
			buildConfigurationList = 5803BA0C2BA52465004E692B /* Build configuration list for PBXProject "iCalculator" */;
			compatibilityVersion = "Xcode 14.0";
			developmentRegion = en;
			hasScannedForEncodings = 0;
			knownRegions = (
				en,
				Base,
			);
			mainGroup = 5803BA082BA52465004E692B;
			productRefGroup = 5803BA122BA52465004E692B /* Products */;
			projectDirPath = "";
			projectRoot = "";
			targets = (
				5803BA102BA52465004E692B /* iCalculator */,
				5803BA202BA52467004E692B /* iCalculatorTests */,
				5803BA2A2BA52467004E692B /* iCalculatorUITests */,
			);
		};
/* End PBXProject section */

/* Begin PBXResourcesBuildPhase section */
		5803BA0F2BA52465004E692B /* Resources */ = {
			isa = PBXResourcesBuildPhase;
			buildActionMask = 2147483647;
			files = (
				5803BA1C2BA52467004E692B /* Preview Assets.xcassets in Resources */,
				5803BA192BA52467004E692B /* Assets.xcassets in Resources */,
			);
			runOnlyForDeploymentPostprocessing = 0;
		};
		5803BA1F2BA52467004E692B /* Resources */ = {
			isa = PBXResourcesBuildPhase;
			buildActionMask = 2147483647;
			files = (
			);
			runOnlyForDeploymentPostprocessing = 0;
		};
		5803BA292BA52467004E692B /* Resources */ = {
			isa = PBXResourcesBuildPhase;
			buildActionMask = 2147483647;
			files = (
			);
			runOnlyForDeploymentPostprocessing = 0;
		};
/* End PBXResourcesBuildPhase section */

/* Begin PBXSourcesBuildPhase section */
		5803BA0D2BA52465004E692B /* Sources */ = {
			isa = PBXSourcesBuildPhase;
			buildActionMask = 2147483647;
			files = (
				5803BA172BA52465004E692B /* ContentView.swift in Sources */,
				5803BA152BA52465004E692B /* iCalculatorApp.swift in Sources */,
			);
			runOnlyForDeploymentPostprocessing = 0;
		};
		5803BA1D2BA52467004E692B /* Sources */ = {
			isa = PBXSourcesBuildPhase;
			buildActionMask = 2147483647;
			files = (
				5803BA262BA52467004E692B /* iCalculatorTests.swift in Sources */,
			);
			runOnlyForDeploymentPostprocessing = 0;
		};
		5803BA272BA52467004E692B /* Sources */ = {
			isa = PBXSourcesBuildPhase;
			buildActionMask = 2147483647;
			files = (
				5803BA322BA52467004E692B /* iCalculatorUITestsLaunchTests.swift in Sources */,
				5803BA302BA52467004E692B /* iCalculatorUITests.swift in Sources */,
			);
			runOnlyForDeploymentPostprocessing = 0;
		};
/* End PBXSourcesBuildPhase section */

/* Begin PBXTargetDependency section */
		5803BA232BA52467004E692B /* PBXTargetDependency */ = {
			isa = PBXTargetDependency;
			target = 5803BA102BA52465004E692B /* iCalculator */;
			targetProxy = 5803BA222BA52467004E692B /* PBXContainerItemProxy */;
		};
		5803BA2D2BA52467004E692B /* PBXTargetDependency */ = {
			isa = PBXTargetDependency;
			target = 5803BA102BA52465004E692B /* iCalculator */;
			targetProxy = 5803BA2C2BA52467004E692B /* PBXContainerItemProxy */;
		};
/* End PBXTargetDependency section */

/* Begin XCBuildConfiguration section */
		5803BA332BA52467004E692B /* Debug */ = {
			isa = XCBuildConfiguration;
			buildSettings = {
				ALWAYS_SEARCH_USER_PATHS = NO;
				ASSETCATALOG_COMPILER_GENERATE_SWIFT_ASSET_SYMBOL_EXTENSIONS = YES;
				CLANG_ANALYZER_NONNULL = YES;
				CLANG_ANALYZER_NUMBER_OBJECT_CONVERSION = YES_AGGRESSIVE;
				CLANG_CXX_LANGUAGE_STANDARD = "gnu++20";
				CLANG_ENABLE_MODULES = YES;
				CLANG_ENABLE_OBJC_ARC = YES;
				CLANG_ENABLE_OBJC_WEAK = YES;
				CLANG_WARN_BLOCK_CAPTURE_AUTORELEASING = YES;
				CLANG_WARN_BOOL_CONVERSION = YES;
				CLANG_WARN_COMMA = YES;
				CLANG_WARN_CONSTANT_CONVERSION = YES;
				CLANG_WARN_DEPRECATED_OBJC_IMPLEMENTATIONS = YES;
				CLANG_WARN_DIRECT_OBJC_ISA_USAGE = YES_ERROR;
				CLANG_WARN_DOCUMENTATION_COMMENTS = YES;
				CLANG_WARN_EMPTY_BODY = YES;
				CLANG_WARN_ENUM_CONVERSION = YES;
				CLANG_WARN_INFINITE_RECURSION = YES;
				CLANG_WARN_INT_CONVERSION = YES;
				CLANG_WARN_NON_LITERAL_NULL_CONVERSION = YES;
				CLANG_WARN_OBJC_IMPLICIT_RETAIN_SELF = YES;
				CLANG_WARN_OBJC_LITERAL_CONVERSION = YES;
				CLANG_WARN_OBJC_ROOT_CLASS = YES_ERROR;
				CLANG_WARN_QUOTED_INCLUDE_IN_FRAMEWORK_HEADER = YES;
				CLANG_WARN_RANGE_LOOP_ANALYSIS = YES;
				CLANG_WARN_STRICT_PROTOTYPES = YES;
				CLANG_WARN_SUSPICIOUS_MOVE = YES;
				CLANG_WARN_UNGUARDED_AVAILABILITY = YES_AGGRESSIVE;
				CLANG_WARN_UNREACHABLE_CODE = YES;
				CLANG_WARN__DUPLICATE_METHOD_MATCH = YES;
				COPY_PHASE_STRIP = NO;
				DEBUG_INFORMATION_FORMAT = dwarf;
				ENABLE_STRICT_OBJC_MSGSEND = YES;
				ENABLE_TESTABILITY = YES;
				ENABLE_USER_SCRIPT_SANDBOXING = YES;
				GCC_C_LANGUAGE_STANDARD = gnu17;
				GCC_DYNAMIC_NO_PIC = NO;
				GCC_NO_COMMON_BLOCKS = YES;
				GCC_OPTIMIZATION_LEVEL = 0;
				GCC_PREPROCESSOR_DEFINITIONS = (
					"DEBUG=1",
					"$(inherited)",
				);
				GCC_WARN_64_TO_32_BIT_CONVERSION = YES;
				GCC_WARN_ABOUT_RETURN_TYPE = YES_ERROR;
				GCC_WARN_UNDECLARED_SELECTOR = YES;
				GCC_WARN_UNINITIALIZED_AUTOS = YES_AGGRESSIVE;
				GCC_WARN_UNUSED_FUNCTION = YES;
				GCC_WARN_UNUSED_VARIABLE = YES;
				IPHONEOS_DEPLOYMENT_TARGET = 17.4;
				LOCALIZATION_PREFERS_STRING_CATALOGS = YES;
				MTL_ENABLE_DEBUG_INFO = INCLUDE_SOURCE;
				MTL_FAST_MATH = YES;
				ONLY_ACTIVE_ARCH = YES;
				SDKROOT = iphoneos;
				SWIFT_ACTIVE_COMPILATION_CONDITIONS = "DEBUG $(inherited)";
				SWIFT_OPTIMIZATION_LEVEL = "-Onone";
			};
			name = Debug;
		};
		5803BA342BA52467004E692B /* Release */ = {
			isa = XCBuildConfiguration;
			buildSettings = {
				ALWAYS_SEARCH_USER_PATHS = NO;
				ASSETCATALOG_COMPILER_GENERATE_SWIFT_ASSET_SYMBOL_EXTENSIONS = YES;
				CLANG_ANALYZER_NONNULL = YES;
				CLANG_ANALYZER_NUMBER_OBJECT_CONVERSION = YES_AGGRESSIVE;
				CLANG_CXX_LANGUAGE_STANDARD = "gnu++20";
				CLANG_ENABLE_MODULES = YES;
				CLANG_ENABLE_OBJC_ARC = YES;
				CLANG_ENABLE_OBJC_WEAK = YES;
				CLANG_WARN_BLOCK_CAPTURE_AUTORELEASING = YES;
				CLANG_WARN_BOOL_CONVERSION = YES;
				CLANG_WARN_COMMA = YES;
				CLANG_WARN_CONSTANT_CONVERSION = YES;
				CLANG_WARN_DEPRECATED_OBJC_IMPLEMENTATIONS = YES;
				CLANG_WARN_DIRECT_OBJC_ISA_USAGE = YES_ERROR;
				CLANG_WARN_DOCUMENTATION_COMMENTS = YES;
				CLANG_WARN_EMPTY_BODY = YES;
				CLANG_WARN_ENUM_CONVERSION = YES;
				CLANG_WARN_INFINITE_RECURSION = YES;
				CLANG_WARN_INT_CONVERSION = YES;
				CLANG_WARN_NON_LITERAL_NULL_CONVERSION = YES;
				CLANG_WARN_OBJC_IMPLICIT_RETAIN_SELF = YES;
				CLANG_WARN_OBJC_LITERAL_CONVERSION = YES;
				CLANG_WARN_OBJC_ROOT_CLASS = YES_ERROR;
				CLANG_WARN_QUOTED_INCLUDE_IN_FRAMEWORK_HEADER = YES;
				CLANG_WARN_RANGE_LOOP_ANALYSIS = YES;
				CLANG_WARN_STRICT_PROTOTYPES = YES;
				CLANG_WARN_SUSPICIOUS_MOVE = YES;
				CLANG_WARN_UNGUARDED_AVAILABILITY = YES_AGGRESSIVE;
				CLANG_WARN_UNREACHABLE_CODE = YES;
				CLANG_WARN__DUPLICATE_METHOD_MATCH = YES;
				COPY_PHASE_STRIP = NO;
				DEBUG_INFORMATION_FORMAT = "dwarf-with-dsym";
				ENABLE_NS_ASSERTIONS = NO;
				ENABLE_STRICT_OBJC_MSGSEND = YES;
				ENABLE_USER_SCRIPT_SANDBOXING = YES;
				GCC_C_LANGUAGE_STANDARD = gnu17;
				GCC_NO_COMMON_BLOCKS = YES;
				GCC_WARN_64_TO_32_BIT_CONVERSION = YES;
				GCC_WARN_ABOUT_RETURN_TYPE = YES_ERROR;
				GCC_WARN_UNDECLARED_SELECTOR = YES;
				GCC_WARN_UNINITIALIZED_AUTOS = YES_AGGRESSIVE;
				GCC_WARN_UNUSED_FUNCTION = YES;
				GCC_WARN_UNUSED_VARIABLE = YES;
				IPHONEOS_DEPLOYMENT_TARGET = 17.4;
				LOCALIZATION_PREFERS_STRING_CATALOGS = YES;
				MTL_ENABLE_DEBUG_INFO = NO;
				MTL_FAST_MATH = YES;
				SDKROOT = iphoneos;
				SWIFT_COMPILATION_MODE = wholemodule;
				VALIDATE_PRODUCT = YES;
			};
			name = Release;
		};
		5803BA362BA52467004E692B /* Debug */ = {
			isa = XCBuildConfiguration;
			buildSettings = {
				ASSETCATALOG_COMPILER_APPICON_NAME = AppIcon;
				ASSETCATALOG_COMPILER_GLOBAL_ACCENT_COLOR_NAME = AccentColor;
				CODE_SIGN_STYLE = Automatic;
				CURRENT_PROJECT_VERSION = 1;
				DEVELOPMENT_ASSET_PATHS = "\"iCalculator/Preview Content\"";
				DEVELOPMENT_TEAM = 66G92HWL9V;
				ENABLE_PREVIEWS = YES;
				GENERATE_INFOPLIST_FILE = YES;
				INFOPLIST_KEY_UIApplicationSceneManifest_Generation = YES;
				INFOPLIST_KEY_UIApplicationSupportsIndirectInputEvents = YES;
				INFOPLIST_KEY_UILaunchScreen_Generation = YES;
				INFOPLIST_KEY_UISupportedInterfaceOrientations_iPad = "UIInterfaceOrientationPortrait UIInterfaceOrientationPortraitUpsideDown UIInterfaceOrientationLandscapeLeft UIInterfaceOrientationLandscapeRight";
				INFOPLIST_KEY_UISupportedInterfaceOrientations_iPhone = "UIInterfaceOrientationPortrait UIInterfaceOrientationLandscapeLeft UIInterfaceOrientationLandscapeRight";
				LD_RUNPATH_SEARCH_PATHS = (
					"$(inherited)",
					"@executable_path/Frameworks",
				);
				MARKETING_VERSION = 1.0;
				PRODUCT_BUNDLE_IDENTIFIER = garudacodex.iCalculator;
				PRODUCT_NAME = "$(TARGET_NAME)";
				SWIFT_EMIT_LOC_STRINGS = YES;
				SWIFT_VERSION = 5.0;
				TARGETED_DEVICE_FAMILY = "1,2";
			};
			name = Debug;
		};
		5803BA372BA52467004E692B /* Release */ = {
			isa = XCBuildConfiguration;
			buildSettings = {
				ASSETCATALOG_COMPILER_APPICON_NAME = AppIcon;
				ASSETCATALOG_COMPILER_GLOBAL_ACCENT_COLOR_NAME = AccentColor;
				CODE_SIGN_STYLE = Automatic;
				CURRENT_PROJECT_VERSION = 1;
				DEVELOPMENT_ASSET_PATHS = "\"iCalculator/Preview Content\"";
				DEVELOPMENT_TEAM = 66G92HWL9V;
				ENABLE_PREVIEWS = YES;
				GENERATE_INFOPLIST_FILE = YES;
				INFOPLIST_KEY_UIApplicationSceneManifest_Generation = YES;
				INFOPLIST_KEY_UIApplicationSupportsIndirectInputEvents = YES;
				INFOPLIST_KEY_UILaunchScreen_Generation = YES;
				INFOPLIST_KEY_UISupportedInterfaceOrientations_iPad = "UIInterfaceOrientationPortrait UIInterfaceOrientationPortraitUpsideDown UIInterfaceOrientationLandscapeLeft UIInterfaceOrientationLandscapeRight";
				INFOPLIST_KEY_UISupportedInterfaceOrientations_iPhone = "UIInterfaceOrientationPortrait UIInterfaceOrientationLandscapeLeft UIInterfaceOrientationLandscapeRight";
				LD_RUNPATH_SEARCH_PATHS = (
					"$(inherited)",
					"@executable_path/Frameworks",
				);
				MARKETING_VERSION = 1.0;
				PRODUCT_BUNDLE_IDENTIFIER = garudacodex.iCalculator;
				PRODUCT_NAME = "$(TARGET_NAME)";
				SWIFT_EMIT_LOC_STRINGS = YES;
				SWIFT_VERSION = 5.0;
				TARGETED_DEVICE_FAMILY = "1,2";
			};
			name = Release;
		};
		5803BA392BA52467004E692B /* Debug */ = {
			isa = XCBuildConfiguration;
			buildSettings = {
				ALWAYS_EMBED_SWIFT_STANDARD_LIBRARIES = YES;
				BUNDLE_LOADER = "$(TEST_HOST)";
				CODE_SIGN_STYLE = Automatic;
				CURRENT_PROJECT_VERSION = 1;
				DEVELOPMENT_TEAM = 66G92HWL9V;
				GENERATE_INFOPLIST_FILE = YES;
				IPHONEOS_DEPLOYMENT_TARGET = 17.4;
				MARKETING_VERSION = 1.0;
				PRODUCT_BUNDLE_IDENTIFIER = garudacodex.iCalculatorTests;
				PRODUCT_NAME = "$(TARGET_NAME)";
				SWIFT_EMIT_LOC_STRINGS = NO;
				SWIFT_VERSION = 5.0;
				TARGETED_DEVICE_FAMILY = "1,2";
				TEST_HOST = "$(BUILT_PRODUCTS_DIR)/iCalculator.app/$(BUNDLE_EXECUTABLE_FOLDER_PATH)/iCalculator";
			};
			name = Debug;
		};
		5803BA3A2BA52467004E692B /* Release */ = {
			isa = XCBuildConfiguration;
			buildSettings = {
				ALWAYS_EMBED_SWIFT_STANDARD_LIBRARIES = YES;
				BUNDLE_LOADER = "$(TEST_HOST)";
				CODE_SIGN_STYLE = Automatic;
				CURRENT_PROJECT_VERSION = 1;
				DEVELOPMENT_TEAM = 66G92HWL9V;
				GENERATE_INFOPLIST_FILE = YES;
				IPHONEOS_DEPLOYMENT_TARGET = 17.4;
				MARKETING_VERSION = 1.0;
				PRODUCT_BUNDLE_IDENTIFIER = garudacodex.iCalculatorTests;
				PRODUCT_NAME = "$(TARGET_NAME)";
				SWIFT_EMIT_LOC_STRINGS = NO;
				SWIFT_VERSION = 5.0;
				TARGETED_DEVICE_FAMILY = "1,2";
				TEST_HOST = "$(BUILT_PRODUCTS_DIR)/iCalculator.app/$(BUNDLE_EXECUTABLE_FOLDER_PATH)/iCalculator";
			};
			name = Release;
		};
		5803BA3C2BA52467004E692B /* Debug */ = {
			isa = XCBuildConfiguration;
			buildSettings = {
				ALWAYS_EMBED_SWIFT_STANDARD_LIBRARIES = YES;
				CODE_SIGN_STYLE = Automatic;
				CURRENT_PROJECT_VERSION = 1;
				DEVELOPMENT_TEAM = 66G92HWL9V;
				GENERATE_INFOPLIST_FILE = YES;
				MARKETING_VERSION = 1.0;
				PRODUCT_BUNDLE_IDENTIFIER = garudacodex.iCalculatorUITests;
				PRODUCT_NAME = "$(TARGET_NAME)";
				SWIFT_EMIT_LOC_STRINGS = NO;
				SWIFT_VERSION = 5.0;
				TARGETED_DEVICE_FAMILY = "1,2";
				TEST_TARGET_NAME = iCalculator;
			};
			name = Debug;
		};
		5803BA3D2BA52467004E692B /* Release */ = {
			isa = XCBuildConfiguration;
			buildSettings = {
				ALWAYS_EMBED_SWIFT_STANDARD_LIBRARIES = YES;
				CODE_SIGN_STYLE = Automatic;
				CURRENT_PROJECT_VERSION = 1;
				DEVELOPMENT_TEAM = 66G92HWL9V;
				GENERATE_INFOPLIST_FILE = YES;
				MARKETING_VERSION = 1.0;
				PRODUCT_BUNDLE_IDENTIFIER = garudacodex.iCalculatorUITests;
				PRODUCT_NAME = "$(TARGET_NAME)";
				SWIFT_EMIT_LOC_STRINGS = NO;
				SWIFT_VERSION = 5.0;
				TARGETED_DEVICE_FAMILY = "1,2";
				TEST_TARGET_NAME = iCalculator;
			};
			name = Release;
		};
/* End XCBuildConfiguration section */

/* Begin XCConfigurationList section */
		5803BA0C2BA52465004E692B /* Build configuration list for PBXProject "iCalculator" */ = {
			isa = XCConfigurationList;
			buildConfigurations = (
				5803BA332BA52467004E692B /* Debug */,
				5803BA342BA52467004E692B /* Release */,
			);
			defaultConfigurationIsVisible = 0;
			defaultConfigurationName = Release;
		};
		5803BA352BA52467004E692B /* Build configuration list for PBXNativeTarget "iCalculator" */ = {
			isa = XCConfigurationList;
			buildConfigurations = (
				5803BA362BA52467004E692B /* Debug */,
				5803BA372BA52467004E692B /* Release */,
			);
			defaultConfigurationIsVisible = 0;
			defaultConfigurationName = Release;
		};
		5803BA382BA52467004E692B /* Build configuration list for PBXNativeTarget "iCalculatorTests" */ = {
			isa = XCConfigurationList;
			buildConfigurations = (
				5803BA392BA52467004E692B /* Debug */,
				5803BA3A2BA52467004E692B /* Release */,
			);
			defaultConfigurationIsVisible = 0;
			defaultConfigurationName = Release;
		};
		5803BA3B2BA52467004E692B /* Build configuration list for PBXNativeTarget "iCalculatorUITests" */ = {
			isa = XCConfigurationList;
			buildConfigurations = (
				5803BA3C2BA52467004E692B /* Debug */,
				5803BA3D2BA52467004E692B /* Release */,
			);
			defaultConfigurationIsVisible = 0;
			defaultConfigurationName = Release;
		};
/* End XCConfigurationList section */
	};
	rootObject = 5803BA092BA52465004E692B /* Project object */;
}
